{
    "_readme": [
        "This file locks the dependencies of your project to a known state",
        "Read more about it at https://getcomposer.org/doc/01-basic-usage.md#composer-lock-the-lock-file",
        "This file is @generated automatically"
    ],
    "hash": "813ccbfe155e7db331537b282031b50e",
    "content-hash": "29f9d87caa1ff9f9a97e0cdd0b08de4c",
    "packages": [
        {
            "name": "shaneharter/php-daemon",
            "version": "dev-master",
            "source": {
                "type": "git",
                "url": "https://github.com/shaneharter/PHP-Daemon.git",
                "reference": "841bffbed4ab821ca1fdbf2764ff83e854a8e076"
            },
            "dist": {
                "type": "zip",
                "url": "https://api.github.com/repos/shaneharter/PHP-Daemon/zipball/841bffbed4ab821ca1fdbf2764ff83e854a8e076",
                "reference": "841bffbed4ab821ca1fdbf2764ff83e854a8e076",
                "shasum": ""
            },
            "require": {
                "ext-pcntl": "*",
                "php": ">=5.3.0"
            },
            "type": "library",
            "autoload": {
                "psr-0": {
                    "Core": ""
                }
            },
            "notification-url": "https://packagist.org/downloads/",
            "license": [
                "MIT"
            ],
            "description": "Create solid, long-running PHP daemon processes",
            "keywords": [
                "daemon",
                "php"
            ],
            "time": "2015-06-26 16:57:15"
        }
    ],
    "packages-dev": [],
    "aliases": [],
    "minimum-stability": "dev",
    "stability-flags": {
        "shaneharter/php-daemon": 20
    },
    "prefer-stable": false,
    "prefer-lowest": false,
    "platform": [],
    "platform-dev": []
}
